
Microsoft Visual Studio Solution File, Format Version 12.00
# Visual Studio Version 17
VisualStudioVersion = 17.13.35806.99 d17.13
MinimumVisualStudioVersion = 10.0.40219.1
Project("{FAE04EC0-301F-11D3-BF4B-00C04F79EFBC}") = "AuthenticationTest", "AuthenticationTest\AuthenticationTest.csproj", "{9560C6AA-13FE-406B-BEB0-D5CEAAB00DFC}"
EndProject
Global
	GlobalSection(SolutionConfigurationPlatforms) = preSolution
		Debug|Any CPU = Debug|Any CPU
		Release|Any CPU = Release|Any CPU
	EndGlobalSection
	GlobalSection(ProjectConfigurationPlatforms) = postSolution
		{9560C6AA-13FE-406B-BEB0-D5CEAAB00DFC}.Debug|Any CPU.ActiveCfg = Debug|Any CPU
		{9560C6AA-13FE-406B-BEB0-D5CEAAB00DFC}.Debug|Any CPU.Build.0 = Debug|Any CPU
		{9560C6AA-13FE-406B-BEB0-D5CEAAB00DFC}.Release|Any CPU.ActiveCfg = Release|Any CPU
		{9560C6AA-13FE-406B-BEB0-D5CEAAB00DFC}.Release|Any CPU.Build.0 = Release|Any CPU
	EndGlobalSection
	GlobalSection(SolutionProperties) = preSolution
		HideSolutionNode = FALSE
	EndGlobalSection
	GlobalSection(ExtensibilityGlobals) = postSolution
		SolutionGuid = {7E8E4A58-1E62-4371-B35A-60AD49905EA6}
	EndGlobalSection
EndGlobal
